// !$*UTF8*$!
{
	archiveVersion = 1;
	classes = {
	};
	objectVersion = 50;
	objects = {

/* Begin PBXBuildFile section */
		261593C0209D658400C94981 /* AppDelegate.swift in Sources */ = {isa = PBXBuildFile; fileRef = 261593BF209D658400C94981 /* AppDelegate.swift */; };
		261593C2209D658400C94981 /* ViewController.swift in Sources */ = {isa = PBXBuildFile; fileRef = 261593C1209D658400C94981 /* ViewController.swift */; };
		261593C5209D658400C94981 /* Main.storyboard in Resources */ = {isa = PBXBuildFile; fileRef = 261593C3209D658400C94981 /* Main.storyboard */; };
		261593C7209D658A00C94981 /* Assets.xcassets in Resources */ = {isa = PBXBuildFile; fileRef = 261593C6209D658A00C94981 /* Assets.xcassets */; };
		261593CA209D658A00C94981 /* LaunchScreen.storyboard in Resources */ = {isa = PBXBuildFile; fileRef = 261593C8209D658A00C94981 /* LaunchScreen.storyboard */; };
		261593D5209D658A00C94981 /* RedditTests.swift in Sources */ = {isa = PBXBuildFile; fileRef = 261593D4209D658A00C94981 /* RedditTests.swift */; };
		261593E0209D658A00C94981 /* RedditUITests.swift in Sources */ = {isa = PBXBuildFile; fileRef = 261593DF209D658A00C94981 /* RedditUITests.swift */; };
		261593EF209D65C900C94981 /* Proxy.swift in Sources */ = {isa = PBXBuildFile; fileRef = 261593EE209D65C900C94981 /* Proxy.swift */; };
		261593F1209D696300C94981 /* Config.plist in Resources */ = {isa = PBXBuildFile; fileRef = 261593F0209D696300C94981 /* Config.plist */; };
		261593F3209D6C7D00C94981 /* RedditService.swift in Sources */ = {isa = PBXBuildFile; fileRef = 261593F2209D6C7D00C94981 /* RedditService.swift */; };
		261593F6209D7B0A00C94981 /* Image.swift in Sources */ = {isa = PBXBuildFile; fileRef = 261593F5209D7B0A00C94981 /* Image.swift */; };
		261593F8209D7BC400C94981 /* Item.swift in Sources */ = {isa = PBXBuildFile; fileRef = 261593F7209D7BC400C94981 /* Item.swift */; };
		261593FC209DFD8500C94981 /* RedditResponseMapper.swift in Sources */ = {isa = PBXBuildFile; fileRef = 261593FB209DFD8500C94981 /* RedditResponseMapper.swift */; };
		26326350209E0911005C2808 /* RedditImageMapper.swift in Sources */ = {isa = PBXBuildFile; fileRef = 2632634F209E0911005C2808 /* RedditImageMapper.swift */; };
		26326352209E0FA0005C2808 /* RedditItemMapper.swift in Sources */ = {isa = PBXBuildFile; fileRef = 26326351209E0FA0005C2808 /* RedditItemMapper.swift */; };
		26326355209E30F9005C2808 /* ItemTableViewCell.swift in Sources */ = {isa = PBXBuildFile; fileRef = 26326354209E30F9005C2808 /* ItemTableViewCell.swift */; };
		26326358209EB49A005C2808 /* RedditDataSource.swift in Sources */ = {isa = PBXBuildFile; fileRef = 26326357209EB49A005C2808 /* RedditDataSource.swift */; };
		2632635B209EB796005C2808 /* UIImageViewExtensions.swift in Sources */ = {isa = PBXBuildFile; fileRef = 2632635A209EB796005C2808 /* UIImageViewExtensions.swift */; };
		2632635D209EC24D005C2808 /* UIViewExtensions.swift in Sources */ = {isa = PBXBuildFile; fileRef = 2632635C209EC24D005C2808 /* UIViewExtensions.swift */; };
/* End PBXBuildFile section */

/* Begin PBXContainerItemProxy section */
		261593D1209D658A00C94981 /* PBXContainerItemProxy */ = {
			isa = PBXContainerItemProxy;
			containerPortal = 261593B4209D658300C94981 /* Project object */;
			proxyType = 1;
			remoteGlobalIDString = 261593BB209D658300C94981;
			remoteInfo = Reddit;
		};
		261593DC209D658A00C94981 /* PBXContainerItemProxy */ = {
			isa = PBXContainerItemProxy;
			containerPortal = 261593B4209D658300C94981 /* Project object */;
			proxyType = 1;
			remoteGlobalIDString = 261593BB209D658300C94981;
			remoteInfo = Reddit;
		};
/* End PBXContainerItemProxy section */

/* Begin PBXFileReference section */
		261593BC209D658300C94981 /* Reddit.app */ = {isa = PBXFileReference; explicitFileType = wrapper.application; includeInIndex = 0; path = Reddit.app; sourceTree = BUILT_PRODUCTS_DIR; };
		261593BF209D658400C94981 /* AppDelegate.swift */ = {isa = PBXFileReference; lastKnownFileType = sourcecode.swift; path = AppDelegate.swift; sourceTree = "<group>"; };
		261593C1209D658400C94981 /* ViewController.swift */ = {isa = PBXFileReference; lastKnownFileType = sourcecode.swift; path = ViewController.swift; sourceTree = "<group>"; };
		261593C4209D658400C94981 /* Base */ = {isa = PBXFileReference; lastKnownFileType = file.storyboard; name = Base; path = Base.lproj/Main.storyboard; sourceTree = "<group>"; };
		261593C6209D658A00C94981 /* Assets.xcassets */ = {isa = PBXFileReference; lastKnownFileType = folder.assetcatalog; path = Assets.xcassets; sourceTree = "<group>"; };
		261593C9209D658A00C94981 /* Base */ = {isa = PBXFileReference; lastKnownFileType = file.storyboard; name = Base; path = Base.lproj/LaunchScreen.storyboard; sourceTree = "<group>"; };
		261593CB209D658A00C94981 /* Info.plist */ = {isa = PBXFileReference; lastKnownFileType = text.plist.xml; path = Info.plist; sourceTree = "<group>"; };
		261593D0209D658A00C94981 /* RedditTests.xctest */ = {isa = PBXFileReference; explicitFileType = wrapper.cfbundle; includeInIndex = 0; path = RedditTests.xctest; sourceTree = BUILT_PRODUCTS_DIR; };
		261593D4209D658A00C94981 /* RedditTests.swift */ = {isa = PBXFileReference; lastKnownFileType = sourcecode.swift; path = RedditTests.swift; sourceTree = "<group>"; };
		261593D6209D658A00C94981 /* Info.plist */ = {isa = PBXFileReference; lastKnownFileType = text.plist.xml; path = Info.plist; sourceTree = "<group>"; };
		261593DB209D658A00C94981 /* RedditUITests.xctest */ = {isa = PBXFileReference; explicitFileType = wrapper.cfbundle; includeInIndex = 0; path = RedditUITests.xctest; sourceTree = BUILT_PRODUCTS_DIR; };
		261593DF209D658A00C94981 /* RedditUITests.swift */ = {isa = PBXFileReference; lastKnownFileType = sourcecode.swift; path = RedditUITests.swift; sourceTree = "<group>"; };
		261593E1209D658A00C94981 /* Info.plist */ = {isa = PBXFileReference; lastKnownFileType = text.plist.xml; path = Info.plist; sourceTree = "<group>"; };
		261593EE209D65C900C94981 /* Proxy.swift */ = {isa = PBXFileReference; lastKnownFileType = sourcecode.swift; path = Proxy.swift; sourceTree = "<group>"; };
		261593F0209D696300C94981 /* Config.plist */ = {isa = PBXFileReference; lastKnownFileType = text.plist.xml; path = Config.plist; sourceTree = "<group>"; };
		261593F2209D6C7D00C94981 /* RedditService.swift */ = {isa = PBXFileReference; lastKnownFileType = sourcecode.swift; path = RedditService.swift; sourceTree = "<group>"; };
		261593F5209D7B0A00C94981 /* Image.swift */ = {isa = PBXFileReference; lastKnownFileType = sourcecode.swift; path = Image.swift; sourceTree = "<group>"; };
		261593F7209D7BC400C94981 /* Item.swift */ = {isa = PBXFileReference; lastKnownFileType = sourcecode.swift; path = Item.swift; sourceTree = "<group>"; };
		261593FB209DFD8500C94981 /* RedditResponseMapper.swift */ = {isa = PBXFileReference; lastKnownFileType = sourcecode.swift; path = RedditResponseMapper.swift; sourceTree = "<group>"; };
		2632634F209E0911005C2808 /* RedditImageMapper.swift */ = {isa = PBXFileReference; lastKnownFileType = sourcecode.swift; path = RedditImageMapper.swift; sourceTree = "<group>"; };
		26326351209E0FA0005C2808 /* RedditItemMapper.swift */ = {isa = PBXFileReference; lastKnownFileType = sourcecode.swift; path = RedditItemMapper.swift; sourceTree = "<group>"; };
		26326354209E30F9005C2808 /* ItemTableViewCell.swift */ = {isa = PBXFileReference; lastKnownFileType = sourcecode.swift; path = ItemTableViewCell.swift; sourceTree = "<group>"; };
		26326357209EB49A005C2808 /* RedditDataSource.swift */ = {isa = PBXFileReference; lastKnownFileType = sourcecode.swift; path = RedditDataSource.swift; sourceTree = "<group>"; };
		2632635A209EB796005C2808 /* UIImageViewExtensions.swift */ = {isa = PBXFileReference; lastKnownFileType = sourcecode.swift; path = UIImageViewExtensions.swift; sourceTree = "<group>"; };
		2632635C209EC24D005C2808 /* UIViewExtensions.swift */ = {isa = PBXFileReference; lastKnownFileType = sourcecode.swift; path = UIViewExtensions.swift; sourceTree = "<group>"; };
/* End PBXFileReference section */

/* Begin PBXFrameworksBuildPhase section */
		261593B9209D658300C94981 /* Frameworks */ = {
			isa = PBXFrameworksBuildPhase;
			buildActionMask = 2147483647;
			files = (
			);
			runOnlyForDeploymentPostprocessing = 0;
		};
		261593CD209D658A00C94981 /* Frameworks */ = {
			isa = PBXFrameworksBuildPhase;
			buildActionMask = 2147483647;
			files = (
			);
			runOnlyForDeploymentPostprocessing = 0;
		};
		261593D8209D658A00C94981 /* Frameworks */ = {
			isa = PBXFrameworksBuildPhase;
			buildActionMask = 2147483647;
			files = (
			);
			runOnlyForDeploymentPostprocessing = 0;
		};
/* End PBXFrameworksBuildPhase section */

/* Begin PBXGroup section */
		261593B3209D658300C94981 = {
			isa = PBXGroup;
			children = (
				261593BE209D658300C94981 /* Reddit */,
				261593D3209D658A00C94981 /* RedditTests */,
				261593DE209D658A00C94981 /* RedditUITests */,
				261593BD209D658300C94981 /* Products */,
			);
			sourceTree = "<group>";
		};
		261593BD209D658300C94981 /* Products */ = {
			isa = PBXGroup;
			children = (
				261593BC209D658300C94981 /* Reddit.app */,
				261593D0209D658A00C94981 /* RedditTests.xctest */,
				261593DB209D658A00C94981 /* RedditUITests.xctest */,
			);
			name = Products;
			sourceTree = "<group>";
		};
		261593BE209D658300C94981 /* Reddit */ = {
			isa = PBXGroup;
			children = (
				261593BF209D658400C94981 /* AppDelegate.swift */,
				261593C6209D658A00C94981 /* Assets.xcassets */,
				261593F0209D696300C94981 /* Config.plist */,
				26326353209E2CBE005C2808 /* Controllers */,
				26326356209EB47A005C2808 /* DataSources */,
				26326359209EB780005C2808 /* Extensions */,
				261593F9209D7C6600C94981 /* Factories */,
				261593CB209D658A00C94981 /* Info.plist */,
				261593C8209D658A00C94981 /* LaunchScreen.storyboard */,
				261593C3209D658400C94981 /* Main.storyboard */,
				261593FA209D7C7F00C94981 /* Mappers */,
				261593F4209D7AF100C94981 /* Models */,
				261593ED209D65B600C94981 /* Services */,
			);
			path = Reddit;
			sourceTree = "<group>";
		};
		261593D3209D658A00C94981 /* RedditTests */ = {
			isa = PBXGroup;
			children = (
				261593D4209D658A00C94981 /* RedditTests.swift */,
				261593D6209D658A00C94981 /* Info.plist */,
			);
			path = RedditTests;
			sourceTree = "<group>";
		};
		261593DE209D658A00C94981 /* RedditUITests */ = {
			isa = PBXGroup;
			children = (
				261593DF209D658A00C94981 /* RedditUITests.swift */,
				261593E1209D658A00C94981 /* Info.plist */,
			);
			path = RedditUITests;
			sourceTree = "<group>";
		};
		261593ED209D65B600C94981 /* Services */ = {
			isa = PBXGroup;
			children = (
				261593EE209D65C900C94981 /* Proxy.swift */,
				261593F2209D6C7D00C94981 /* RedditService.swift */,
			);
			path = Services;
			sourceTree = "<group>";
		};
		261593F4209D7AF100C94981 /* Models */ = {
			isa = PBXGroup;
			children = (
				261593F5209D7B0A00C94981 /* Image.swift */,
				261593F7209D7BC400C94981 /* Item.swift */,
				26326354209E30F9005C2808 /* ItemTableViewCell.swift */,
			);
			path = Models;
			sourceTree = "<group>";
		};
		261593F9209D7C6600C94981 /* Factories */ = {
			isa = PBXGroup;
			children = (
			);
			path = Factories;
			sourceTree = "<group>";
		};
		261593FA209D7C7F00C94981 /* Mappers */ = {
			isa = PBXGroup;
			children = (
				261593FB209DFD8500C94981 /* RedditResponseMapper.swift */,
				2632634F209E0911005C2808 /* RedditImageMapper.swift */,
				26326351209E0FA0005C2808 /* RedditItemMapper.swift */,
			);
			path = Mappers;
			sourceTree = "<group>";
		};
		26326353209E2CBE005C2808 /* Controllers */ = {
			isa = PBXGroup;
			children = (
				261593C1209D658400C94981 /* ViewController.swift */,
			);
			path = Controllers;
			sourceTree = "<group>";
		};
		26326356209EB47A005C2808 /* DataSources */ = {
			isa = PBXGroup;
			children = (
				26326357209EB49A005C2808 /* RedditDataSource.swift */,
			);
			path = DataSources;
			sourceTree = "<group>";
		};
		26326359209EB780005C2808 /* Extensions */ = {
			isa = PBXGroup;
			children = (
				2632635A209EB796005C2808 /* UIImageViewExtensions.swift */,
				2632635C209EC24D005C2808 /* UIViewExtensions.swift */,
			);
			path = Extensions;
			sourceTree = "<group>";
		};
/* End PBXGroup section */

/* Begin PBXNativeTarget section */
		261593BB209D658300C94981 /* Reddit */ = {
			isa = PBXNativeTarget;
			buildConfigurationList = 261593E4209D658A00C94981 /* Build configuration list for PBXNativeTarget "Reddit" */;
			buildPhases = (
				261593B8209D658300C94981 /* Sources */,
				261593B9209D658300C94981 /* Frameworks */,
				261593BA209D658300C94981 /* Resources */,
			);
			buildRules = (
			);
			dependencies = (
			);
			name = Reddit;
			productName = Reddit;
			productReference = 261593BC209D658300C94981 /* Reddit.app */;
			productType = "com.apple.product-type.application";
		};
		261593CF209D658A00C94981 /* RedditTests */ = {
			isa = PBXNativeTarget;
			buildConfigurationList = 261593E7209D658A00C94981 /* Build configuration list for PBXNativeTarget "RedditTests" */;
			buildPhases = (
				261593CC209D658A00C94981 /* Sources */,
				261593CD209D658A00C94981 /* Frameworks */,
				261593CE209D658A00C94981 /* Resources */,
			);
			buildRules = (
			);
			dependencies = (
				261593D2209D658A00C94981 /* PBXTargetDependency */,
			);
			name = RedditTests;
			productName = RedditTests;
			productReference = 261593D0209D658A00C94981 /* RedditTests.xctest */;
			productType = "com.apple.product-type.bundle.unit-test";
		};
		261593DA209D658A00C94981 /* RedditUITests */ = {
			isa = PBXNativeTarget;
			buildConfigurationList = 261593EA209D658A00C94981 /* Build configuration list for PBXNativeTarget "RedditUITests" */;
			buildPhases = (
				261593D7209D658A00C94981 /* Sources */,
				261593D8209D658A00C94981 /* Frameworks */,
				261593D9209D658A00C94981 /* Resources */,
			);
			buildRules = (
			);
			dependencies = (
				261593DD209D658A00C94981 /* PBXTargetDependency */,
			);
			name = RedditUITests;
			productName = RedditUITests;
			productReference = 261593DB209D658A00C94981 /* RedditUITests.xctest */;
			productType = "com.apple.product-type.bundle.ui-testing";
		};
/* End PBXNativeTarget section */

/* Begin PBXProject section */
		261593B4209D658300C94981 /* Project object */ = {
			isa = PBXProject;
			attributes = {
				LastSwiftUpdateCheck = 0930;
				LastUpgradeCheck = 0930;
				ORGANIZATIONNAME = "Sam, Ip";
				TargetAttributes = {
					261593BB209D658300C94981 = {
						CreatedOnToolsVersion = 9.3;
					};
					261593CF209D658A00C94981 = {
						CreatedOnToolsVersion = 9.3;
						TestTargetID = 261593BB209D658300C94981;
					};
					261593DA209D658A00C94981 = {
						CreatedOnToolsVersion = 9.3;
						TestTargetID = 261593BB209D658300C94981;
					};
				};
			};
			buildConfigurationList = 261593B7209D658300C94981 /* Build configuration list for PBXProject "Reddit" */;
			compatibilityVersion = "Xcode 9.3";
			developmentRegion = en;
			hasScannedForEncodings = 0;
			knownRegions = (
				en,
				Base,
			);
			mainGroup = 261593B3209D658300C94981;
			productRefGroup = 261593BD209D658300C94981 /* Products */;
			projectDirPath = "";
			projectRoot = "";
			targets = (
				261593BB209D658300C94981 /* Reddit */,
				261593CF209D658A00C94981 /* RedditTests */,
				261593DA209D658A00C94981 /* RedditUITests */,
			);
		};
/* End PBXProject section */

/* Begin PBXResourcesBuildPhase section */
		261593BA209D658300C94981 /* Resources */ = {
			isa = PBXResourcesBuildPhase;
			buildActionMask = 2147483647;
			files = (
				261593F1209D696300C94981 /* Config.plist in Resources */,
				261593CA209D658A00C94981 /* LaunchScreen.storyboard in Resources */,
				261593C7209D658A00C94981 /* Assets.xcassets in Resources */,
				261593C5209D658400C94981 /* Main.storyboard in Resources */,
			);
			runOnlyForDeploymentPostprocessing = 0;
		};
		261593CE209D658A00C94981 /* Resources */ = {
			isa = PBXResourcesBuildPhase;
			buildActionMask = 2147483647;
			files = (
			);
			runOnlyForDeploymentPostprocessing = 0;
		};
		261593D9209D658A00C94981 /* Resources */ = {
			isa = PBXResourcesBuildPhase;
			buildActionMask = 2147483647;
			files = (
			);
			runOnlyForDeploymentPostprocessing = 0;
		};
/* End PBXResourcesBuildPhase section */

/* Begin PBXSourcesBuildPhase section */
		261593B8209D658300C94981 /* Sources */ = {
			isa = PBXSourcesBuildPhase;
			buildActionMask = 2147483647;
			files = (
				261593C2209D658400C94981 /* ViewController.swift in Sources */,
				261593EF209D65C900C94981 /* Proxy.swift in Sources */,
				26326355209E30F9005C2808 /* ItemTableViewCell.swift in Sources */,
				2632635D209EC24D005C2808 /* UIViewExtensions.swift in Sources */,
				261593C0209D658400C94981 /* AppDelegate.swift in Sources */,
				261593FC209DFD8500C94981 /* RedditResponseMapper.swift in Sources */,
				26326352209E0FA0005C2808 /* RedditItemMapper.swift in Sources */,
				261593F3209D6C7D00C94981 /* RedditService.swift in Sources */,
				261593F8209D7BC400C94981 /* Item.swift in Sources */,
				26326350209E0911005C2808 /* RedditImageMapper.swift in Sources */,
				261593F6209D7B0A00C94981 /* Image.swift in Sources */,
				2632635B209EB796005C2808 /* UIImageViewExtensions.swift in Sources */,
				26326358209EB49A005C2808 /* RedditDataSource.swift in Sources */,
			);
			runOnlyForDeploymentPostprocessing = 0;
		};
		261593CC209D658A00C94981 /* Sources */ = {
			isa = PBXSourcesBuildPhase;
			buildActionMask = 2147483647;
			files = (
				261593D5209D658A00C94981 /* RedditTests.swift in Sources */,
			);
			runOnlyForDeploymentPostprocessing = 0;
		};
		261593D7209D658A00C94981 /* Sources */ = {
			isa = PBXSourcesBuildPhase;
			buildActionMask = 2147483647;
			files = (
				261593E0209D658A00C94981 /* RedditUITests.swift in Sources */,
			);
			runOnlyForDeploymentPostprocessing = 0;
		};
/* End PBXSourcesBuildPhase section */

/* Begin PBXTargetDependency section */
		261593D2209D658A00C94981 /* PBXTargetDependency */ = {
			isa = PBXTargetDependency;
			target = 261593BB209D658300C94981 /* Reddit */;
			targetProxy = 261593D1209D658A00C94981 /* PBXContainerItemProxy */;
		};
		261593DD209D658A00C94981 /* PBXTargetDependency */ = {
			isa = PBXTargetDependency;
			target = 261593BB209D658300C94981 /* Reddit */;
			targetProxy = 261593DC209D658A00C94981 /* PBXContainerItemProxy */;
		};
/* End PBXTargetDependency section */

/* Begin PBXVariantGroup section */
		261593C3209D658400C94981 /* Main.storyboard */ = {
			isa = PBXVariantGroup;
			children = (
				261593C4209D658400C94981 /* Base */,
			);
			name = Main.storyboard;
			sourceTree = "<group>";
		};
		261593C8209D658A00C94981 /* LaunchScreen.storyboard */ = {
			isa = PBXVariantGroup;
			children = (
				261593C9209D658A00C94981 /* Base */,
			);
			name = LaunchScreen.storyboard;
			sourceTree = "<group>";
		};
/* End PBXVariantGroup section */

/* Begin XCBuildConfiguration section */
		261593E2209D658A00C94981 /* Debug */ = {
			isa = XCBuildConfiguration;
			buildSettings = {
				ALWAYS_SEARCH_USER_PATHS = NO;
				CLANG_ANALYZER_NONNULL = YES;
				CLANG_ANALYZER_NUMBER_OBJECT_CONVERSION = YES_AGGRESSIVE;
				CLANG_CXX_LANGUAGE_STANDARD = "gnu++14";
				CLANG_CXX_LIBRARY = "libc++";
				CLANG_ENABLE_MODULES = YES;
				CLANG_ENABLE_OBJC_ARC = YES;
				CLANG_ENABLE_OBJC_WEAK = YES;
				CLANG_WARN_BLOCK_CAPTURE_AUTORELEASING = YES;
				CLANG_WARN_BOOL_CONVERSION = YES;
				CLANG_WARN_COMMA = YES;
				CLANG_WARN_CONSTANT_CONVERSION = YES;
				CLANG_WARN_DEPRECATED_OBJC_IMPLEMENTATIONS = YES;
				CLANG_WARN_DIRECT_OBJC_ISA_USAGE = YES_ERROR;
				CLANG_WARN_DOCUMENTATION_COMMENTS = YES;
				CLANG_WARN_EMPTY_BODY = YES;
				CLANG_WARN_ENUM_CONVERSION = YES;
				CLANG_WARN_INFINITE_RECURSION = YES;
				CLANG_WARN_INT_CONVERSION = YES;
				CLANG_WARN_NON_LITERAL_NULL_CONVERSION = YES;
				CLANG_WARN_OBJC_IMPLICIT_RETAIN_SELF = YES;
				CLANG_WARN_OBJC_LITERAL_CONVERSION = YES;
				CLANG_WARN_OBJC_ROOT_CLASS = YES_ERROR;
				CLANG_WARN_RANGE_LOOP_ANALYSIS = YES;
				CLANG_WARN_STRICT_PROTOTYPES = YES;
				CLANG_WARN_SUSPICIOUS_MOVE = YES;
				CLANG_WARN_UNGUARDED_AVAILABILITY = YES_AGGRESSIVE;
				CLANG_WARN_UNREACHABLE_CODE = YES;
				CLANG_WARN__DUPLICATE_METHOD_MATCH = YES;
				CODE_SIGN_IDENTITY = "iPhone Developer";
				COPY_PHASE_STRIP = NO;
				DEBUG_INFORMATION_FORMAT = dwarf;
				ENABLE_STRICT_OBJC_MSGSEND = YES;
				ENABLE_TESTABILITY = YES;
				GCC_C_LANGUAGE_STANDARD = gnu11;
				GCC_DYNAMIC_NO_PIC = NO;
				GCC_NO_COMMON_BLOCKS = YES;
				GCC_OPTIMIZATION_LEVEL = 0;
				GCC_PREPROCESSOR_DEFINITIONS = (
					"DEBUG=1",
					"$(inherited)",
				);
				GCC_WARN_64_TO_32_BIT_CONVERSION = YES;
				GCC_WARN_ABOUT_RETURN_TYPE = YES_ERROR;
				GCC_WARN_UNDECLARED_SELECTOR = YES;
				GCC_WARN_UNINITIALIZED_AUTOS = YES_AGGRESSIVE;
				GCC_WARN_UNUSED_FUNCTION = YES;
				GCC_WARN_UNUSED_VARIABLE = YES;
				IPHONEOS_DEPLOYMENT_TARGET = 11.3;
				MTL_ENABLE_DEBUG_INFO = YES;
				ONLY_ACTIVE_ARCH = YES;
				SDKROOT = iphoneos;
				SWIFT_ACTIVE_COMPILATION_CONDITIONS = DEBUG;
				SWIFT_OPTIMIZATION_LEVEL = "-Onone";
			};
			name = Debug;
		};
		261593E3209D658A00C94981 /* Release */ = {
			isa = XCBuildConfiguration;
			buildSettings = {
				ALWAYS_SEARCH_USER_PATHS = NO;
				CLANG_ANALYZER_NONNULL = YES;
				CLANG_ANALYZER_NUMBER_OBJECT_CONVERSION = YES_AGGRESSIVE;
				CLANG_CXX_LANGUAGE_STANDARD = "gnu++14";
				CLANG_CXX_LIBRARY = "libc++";
				CLANG_ENABLE_MODULES = YES;
				CLANG_ENABLE_OBJC_ARC = YES;
				CLANG_ENABLE_OBJC_WEAK = YES;
				CLANG_WARN_BLOCK_CAPTURE_AUTORELEASING = YES;
				CLANG_WARN_BOOL_CONVERSION = YES;
				CLANG_WARN_COMMA = YES;
				CLANG_WARN_CONSTANT_CONVERSION = YES;
				CLANG_WARN_DEPRECATED_OBJC_IMPLEMENTATIONS = YES;
				CLANG_WARN_DIRECT_OBJC_ISA_USAGE = YES_ERROR;
				CLANG_WARN_DOCUMENTATION_COMMENTS = YES;
				CLANG_WARN_EMPTY_BODY = YES;
				CLANG_WARN_ENUM_CONVERSION = YES;
				CLANG_WARN_INFINITE_RECURSION = YES;
				CLANG_WARN_INT_CONVERSION = YES;
				CLANG_WARN_NON_LITERAL_NULL_CONVERSION = YES;
				CLANG_WARN_OBJC_IMPLICIT_RETAIN_SELF = YES;
				CLANG_WARN_OBJC_LITERAL_CONVERSION = YES;
				CLANG_WARN_OBJC_ROOT_CLASS = YES_ERROR;
				CLANG_WARN_RANGE_LOOP_ANALYSIS = YES;
				CLANG_WARN_STRICT_PROTOTYPES = YES;
				CLANG_WARN_SUSPICIOUS_MOVE = YES;
				CLANG_WARN_UNGUARDED_AVAILABILITY = YES_AGGRESSIVE;
				CLANG_WARN_UNREACHABLE_CODE = YES;
				CLANG_WARN__DUPLICATE_METHOD_MATCH = YES;
				CODE_SIGN_IDENTITY = "iPhone Developer";
				COPY_PHASE_STRIP = NO;
				DEBUG_INFORMATION_FORMAT = "dwarf-with-dsym";
				ENABLE_NS_ASSERTIONS = NO;
				ENABLE_STRICT_OBJC_MSGSEND = YES;
				GCC_C_LANGUAGE_STANDARD = gnu11;
				GCC_NO_COMMON_BLOCKS = YES;
				GCC_WARN_64_TO_32_BIT_CONVERSION = YES;
				GCC_WARN_ABOUT_RETURN_TYPE = YES_ERROR;
				GCC_WARN_UNDECLARED_SELECTOR = YES;
				GCC_WARN_UNINITIALIZED_AUTOS = YES_AGGRESSIVE;
				GCC_WARN_UNUSED_FUNCTION = YES;
				GCC_WARN_UNUSED_VARIABLE = YES;
				IPHONEOS_DEPLOYMENT_TARGET = 11.3;
				MTL_ENABLE_DEBUG_INFO = NO;
				SDKROOT = iphoneos;
				SWIFT_COMPILATION_MODE = wholemodule;
				SWIFT_OPTIMIZATION_LEVEL = "-O";
				VALIDATE_PRODUCT = YES;
			};
			name = Release;
		};
		261593E5209D658A00C94981 /* Debug */ = {
			isa = XCBuildConfiguration;
			buildSettings = {
				ASSETCATALOG_COMPILER_APPICON_NAME = AppIcon;
				CODE_SIGN_STYLE = Automatic;
				DEVELOPMENT_TEAM = 3AJ5AZL8FC;
				INFOPLIST_FILE = Reddit/Info.plist;
				LD_RUNPATH_SEARCH_PATHS = (
					"$(inherited)",
					"@executable_path/Frameworks",
				);
				PRODUCT_BUNDLE_IDENTIFIER = ipsam.Reddit;
				PRODUCT_NAME = "$(TARGET_NAME)";
				SWIFT_VERSION = 4.0;
				TARGETED_DEVICE_FAMILY = "1,2";
			};
			name = Debug;
		};
		261593E6209D658A00C94981 /* Release */ = {
			isa = XCBuildConfiguration;
			buildSettings = {
				ASSETCATALOG_COMPILER_APPICON_NAME = AppIcon;
				CODE_SIGN_STYLE = Automatic;
				DEVELOPMENT_TEAM = 3AJ5AZL8FC;
				INFOPLIST_FILE = Reddit/Info.plist;
				LD_RUNPATH_SEARCH_PATHS = (
					"$(inherited)",
					"@executable_path/Frameworks",
				);
				PRODUCT_BUNDLE_IDENTIFIER = ipsam.Reddit;
				PRODUCT_NAME = "$(TARGET_NAME)";
				SWIFT_VERSION = 4.0;
				TARGETED_DEVICE_FAMILY = "1,2";
			};
			name = Release;
		};
		261593E8209D658A00C94981 /* Debug */ = {
			isa = XCBuildConfiguration;
			buildSettings = {
				ALWAYS_EMBED_SWIFT_STANDARD_LIBRARIES = YES;
				BUNDLE_LOADER = "$(TEST_HOST)";
				CODE_SIGN_STYLE = Automatic;
				DEVELOPMENT_TEAM = 3AJ5AZL8FC;
				INFOPLIST_FILE = RedditTests/Info.plist;
				LD_RUNPATH_SEARCH_PATHS = (
					"$(inherited)",
					"@executable_path/Frameworks",
					"@loader_path/Frameworks",
				);
				PRODUCT_BUNDLE_IDENTIFIER = ipsam.RedditTests;
				PRODUCT_NAME = "$(TARGET_NAME)";
				SWIFT_VERSION = 4.0;
				TARGETED_DEVICE_FAMILY = "1,2";
				TEST_HOST = "$(BUILT_PRODUCTS_DIR)/Reddit.app/Reddit";
			};
			name = Debug;
		};
		261593E9209D658A00C94981 /* Release */ = {
			isa = XCBuildConfiguration;
			buildSettings = {
				ALWAYS_EMBED_SWIFT_STANDARD_LIBRARIES = YES;
				BUNDLE_LOADER = "$(TEST_HOST)";
				CODE_SIGN_STYLE = Automatic;
				DEVELOPMENT_TEAM = 3AJ5AZL8FC;
				INFOPLIST_FILE = RedditTests/Info.plist;
				LD_RUNPATH_SEARCH_PATHS = (
					"$(inherited)",
					"@executable_path/Frameworks",
					"@loader_path/Frameworks",
				);
				PRODUCT_BUNDLE_IDENTIFIER = ipsam.RedditTests;
				PRODUCT_NAME = "$(TARGET_NAME)";
				SWIFT_VERSION = 4.0;
				TARGETED_DEVICE_FAMILY = "1,2";
				TEST_HOST = "$(BUILT_PRODUCTS_DIR)/Reddit.app/Reddit";
			};
			name = Release;
		};
		261593EB209D658A00C94981 /* Debug */ = {
			isa = XCBuildConfiguration;
			buildSettings = {
				ALWAYS_EMBED_SWIFT_STANDARD_LIBRARIES = YES;
				CODE_SIGN_STYLE = Automatic;
				DEVELOPMENT_TEAM = 3AJ5AZL8FC;
				INFOPLIST_FILE = RedditUITests/Info.plist;
				LD_RUNPATH_SEARCH_PATHS = (
					"$(inherited)",
					"@executable_path/Frameworks",
					"@loader_path/Frameworks",
				);
				PRODUCT_BUNDLE_IDENTIFIER = ipsam.RedditUITests;
				PRODUCT_NAME = "$(TARGET_NAME)";
				SWIFT_VERSION = 4.0;
				TARGETED_DEVICE_FAMILY = "1,2";
				TEST_TARGET_NAME = Reddit;
			};
			name = Debug;
		};
		261593EC209D658A00C94981 /* Release */ = {
			isa = XCBuildConfiguration;
			buildSettings = {
				ALWAYS_EMBED_SWIFT_STANDARD_LIBRARIES = YES;
				CODE_SIGN_STYLE = Automatic;
				DEVELOPMENT_TEAM = 3AJ5AZL8FC;
				INFOPLIST_FILE = RedditUITests/Info.plist;
				LD_RUNPATH_SEARCH_PATHS = (
					"$(inherited)",
					"@executable_path/Frameworks",
					"@loader_path/Frameworks",
				);
				PRODUCT_BUNDLE_IDENTIFIER = ipsam.RedditUITests;
				PRODUCT_NAME = "$(TARGET_NAME)";
				SWIFT_VERSION = 4.0;
				TARGETED_DEVICE_FAMILY = "1,2";
				TEST_TARGET_NAME = Reddit;
			};
			name = Release;
		};
/* End XCBuildConfiguration section */

/* Begin XCConfigurationList section */
		261593B7209D658300C94981 /* Build configuration list for PBXProject "Reddit" */ = {
			isa = XCConfigurationList;
			buildConfigurations = (
				261593E2209D658A00C94981 /* Debug */,
				261593E3209D658A00C94981 /* Release */,
			);
			defaultConfigurationIsVisible = 0;
			defaultConfigurationName = Release;
		};
		261593E4209D658A00C94981 /* Build configuration list for PBXNativeTarget "Reddit" */ = {
			isa = XCConfigurationList;
			buildConfigurations = (
				261593E5209D658A00C94981 /* Debug */,
				261593E6209D658A00C94981 /* Release */,
			);
			defaultConfigurationIsVisible = 0;
			defaultConfigurationName = Release;
		};
		261593E7209D658A00C94981 /* Build configuration list for PBXNativeTarget "RedditTests" */ = {
			isa = XCConfigurationList;
			buildConfigurations = (
				261593E8209D658A00C94981 /* Debug */,
				261593E9209D658A00C94981 /* Release */,
			);
			defaultConfigurationIsVisible = 0;
			defaultConfigurationName = Release;
		};
		261593EA209D658A00C94981 /* Build configuration list for PBXNativeTarget "RedditUITests" */ = {
			isa = XCConfigurationList;
			buildConfigurations = (
				261593EB209D658A00C94981 /* Debug */,
				261593EC209D658A00C94981 /* Release */,
			);
			defaultConfigurationIsVisible = 0;
			defaultConfigurationName = Release;
		};
/* End XCConfigurationList section */
	};
	rootObject = 261593B4209D658300C94981 /* Project object */;
}
